// !$*UTF8*$!
{
	archiveVersion = 1;
	classes = {
	};
	objectVersion = 51;
	objects = {

/* Begin PBXBuildFile section */
		623C6BA4D0EA463B934E2F25 /* Pods_ToDoListRxSwift.framework in Frameworks */ = {isa = PBXBuildFile; fileRef = C796CD3AD92F08C84A0E116D /* Pods_ToDoListRxSwift.framework */; };
		A71769452646E0E6003D1FEC /* AppDelegate.swift in Sources */ = {isa = PBXBuildFile; fileRef = A71769442646E0E6003D1FEC /* AppDelegate.swift */; };
		A71769472646E0E6003D1FEC /* SceneDelegate.swift in Sources */ = {isa = PBXBuildFile; fileRef = A71769462646E0E6003D1FEC /* SceneDelegate.swift */; };
		A717694C2646E0E6003D1FEC /* Main.storyboard in Resources */ = {isa = PBXBuildFile; fileRef = A717694A2646E0E6003D1FEC /* Main.storyboard */; };
		A717694E2646E0E7003D1FEC /* Assets.xcassets in Resources */ = {isa = PBXBuildFile; fileRef = A717694D2646E0E7003D1FEC /* Assets.xcassets */; };
		A71769512646E0E7003D1FEC /* LaunchScreen.storyboard in Resources */ = {isa = PBXBuildFile; fileRef = A717694F2646E0E7003D1FEC /* LaunchScreen.storyboard */; };
		A71769612646E172003D1FEC /* TaskListViewController.swift in Sources */ = {isa = PBXBuildFile; fileRef = A71769602646E172003D1FEC /* TaskListViewController.swift */; };
		A71769652646E7CC003D1FEC /* TaskTableViewCell.swift in Sources */ = {isa = PBXBuildFile; fileRef = A71769642646E7CC003D1FEC /* TaskTableViewCell.swift */; };
		A7523E01264712140087190D /* AddTaskViewController.swift in Sources */ = {isa = PBXBuildFile; fileRef = A7523E00264712140087190D /* AddTaskViewController.swift */; };
		A7523E05264713580087190D /* Task.swift in Sources */ = {isa = PBXBuildFile; fileRef = A7523E04264713580087190D /* Task.swift */; };
/* End PBXBuildFile section */

/* Begin PBXFileReference section */
		8BF98D9698F5282B402E886C /* Pods-ToDoListRxSwift.debug.xcconfig */ = {isa = PBXFileReference; includeInIndex = 1; lastKnownFileType = text.xcconfig; name = "Pods-ToDoListRxSwift.debug.xcconfig"; path = "Target Support Files/Pods-ToDoListRxSwift/Pods-ToDoListRxSwift.debug.xcconfig"; sourceTree = "<group>"; };
		98C908420C652FF3CB629B26 /* Pods-ToDoListRxSwift.release.xcconfig */ = {isa = PBXFileReference; includeInIndex = 1; lastKnownFileType = text.xcconfig; name = "Pods-ToDoListRxSwift.release.xcconfig"; path = "Target Support Files/Pods-ToDoListRxSwift/Pods-ToDoListRxSwift.release.xcconfig"; sourceTree = "<group>"; };
		A71769412646E0E6003D1FEC /* ToDoListRxSwift.app */ = {isa = PBXFileReference; explicitFileType = wrapper.application; includeInIndex = 0; path = ToDoListRxSwift.app; sourceTree = BUILT_PRODUCTS_DIR; };
		A71769442646E0E6003D1FEC /* AppDelegate.swift */ = {isa = PBXFileReference; lastKnownFileType = sourcecode.swift; path = AppDelegate.swift; sourceTree = "<group>"; };
		A71769462646E0E6003D1FEC /* SceneDelegate.swift */ = {isa = PBXFileReference; lastKnownFileType = sourcecode.swift; path = SceneDelegate.swift; sourceTree = "<group>"; };
		A717694B2646E0E6003D1FEC /* Base */ = {isa = PBXFileReference; lastKnownFileType = file.storyboard; name = Base; path = Base.lproj/Main.storyboard; sourceTree = "<group>"; };
		A717694D2646E0E7003D1FEC /* Assets.xcassets */ = {isa = PBXFileReference; lastKnownFileType = folder.assetcatalog; path = Assets.xcassets; sourceTree = "<group>"; };
		A71769502646E0E7003D1FEC /* Base */ = {isa = PBXFileReference; lastKnownFileType = file.storyboard; name = Base; path = Base.lproj/LaunchScreen.storyboard; sourceTree = "<group>"; };
		A71769522646E0E7003D1FEC /* Info.plist */ = {isa = PBXFileReference; lastKnownFileType = text.plist.xml; path = Info.plist; sourceTree = "<group>"; };
		A71769602646E172003D1FEC /* TaskListViewController.swift */ = {isa = PBXFileReference; lastKnownFileType = sourcecode.swift; path = TaskListViewController.swift; sourceTree = "<group>"; };
		A71769642646E7CC003D1FEC /* TaskTableViewCell.swift */ = {isa = PBXFileReference; lastKnownFileType = sourcecode.swift; path = TaskTableViewCell.swift; sourceTree = "<group>"; };
		A7523E00264712140087190D /* AddTaskViewController.swift */ = {isa = PBXFileReference; lastKnownFileType = sourcecode.swift; path = AddTaskViewController.swift; sourceTree = "<group>"; };
		A7523E04264713580087190D /* Task.swift */ = {isa = PBXFileReference; lastKnownFileType = sourcecode.swift; path = Task.swift; sourceTree = "<group>"; };
		C796CD3AD92F08C84A0E116D /* Pods_ToDoListRxSwift.framework */ = {isa = PBXFileReference; explicitFileType = wrapper.framework; includeInIndex = 0; path = Pods_ToDoListRxSwift.framework; sourceTree = BUILT_PRODUCTS_DIR; };
/* End PBXFileReference section */

/* Begin PBXFrameworksBuildPhase section */
		A717693E2646E0E6003D1FEC /* Frameworks */ = {
			isa = PBXFrameworksBuildPhase;
			buildActionMask = 2147483647;
			files = (
				623C6BA4D0EA463B934E2F25 /* Pods_ToDoListRxSwift.framework in Frameworks */,
			);
			runOnlyForDeploymentPostprocessing = 0;
		};
/* End PBXFrameworksBuildPhase section */

/* Begin PBXGroup section */
		A71769382646E0E6003D1FEC = {
			isa = PBXGroup;
			children = (
				A71769432646E0E6003D1FEC /* ToDoListRxSwift */,
				A71769422646E0E6003D1FEC /* Products */,
				BE2903DE1A9A3081530F6BC4 /* Pods */,
				B72D23777EC5A6E4B15C97A1 /* Frameworks */,
			);
			sourceTree = "<group>";
		};
		A71769422646E0E6003D1FEC /* Products */ = {
			isa = PBXGroup;
			children = (
				A71769412646E0E6003D1FEC /* ToDoListRxSwift.app */,
			);
			name = Products;
			sourceTree = "<group>";
		};
		A71769432646E0E6003D1FEC /* ToDoListRxSwift */ = {
			isa = PBXGroup;
			children = (
				A7523E032647134B0087190D /* Models */,
				A71769632646E7B5003D1FEC /* Views */,
				A717695E2646E157003D1FEC /* Controllers */,
				A71769442646E0E6003D1FEC /* AppDelegate.swift */,
				A71769462646E0E6003D1FEC /* SceneDelegate.swift */,
				A717694A2646E0E6003D1FEC /* Main.storyboard */,
				A717694D2646E0E7003D1FEC /* Assets.xcassets */,
				A717694F2646E0E7003D1FEC /* LaunchScreen.storyboard */,
				A71769522646E0E7003D1FEC /* Info.plist */,
			);
			path = ToDoListRxSwift;
			sourceTree = "<group>";
		};
		A717695E2646E157003D1FEC /* Controllers */ = {
			isa = PBXGroup;
			children = (
				A71769602646E172003D1FEC /* TaskListViewController.swift */,
				A7523E00264712140087190D /* AddTaskViewController.swift */,
			);
			path = Controllers;
			sourceTree = "<group>";
		};
		A71769632646E7B5003D1FEC /* Views */ = {
			isa = PBXGroup;
			children = (
				A71769642646E7CC003D1FEC /* TaskTableViewCell.swift */,
			);
			path = Views;
			sourceTree = "<group>";
		};
		A7523E032647134B0087190D /* Models */ = {
			isa = PBXGroup;
			children = (
				A7523E04264713580087190D /* Task.swift */,
			);
			path = Models;
			sourceTree = "<group>";
		};
		B72D23777EC5A6E4B15C97A1 /* Frameworks */ = {
			isa = PBXGroup;
			children = (
				C796CD3AD92F08C84A0E116D /* Pods_ToDoListRxSwift.framework */,
			);
			name = Frameworks;
			sourceTree = "<group>";
		};
		BE2903DE1A9A3081530F6BC4 /* Pods */ = {
			isa = PBXGroup;
			children = (
				8BF98D9698F5282B402E886C /* Pods-ToDoListRxSwift.debug.xcconfig */,
				98C908420C652FF3CB629B26 /* Pods-ToDoListRxSwift.release.xcconfig */,
			);
			path = Pods;
			sourceTree = "<group>";
		};
/* End PBXGroup section */

/* Begin PBXNativeTarget section */
		A71769402646E0E6003D1FEC /* ToDoListRxSwift */ = {
			isa = PBXNativeTarget;
			buildConfigurationList = A71769552646E0E7003D1FEC /* Build configuration list for PBXNativeTarget "ToDoListRxSwift" */;
			buildPhases = (
				AE9FB53F9A941125A86980C0 /* [CP] Check Pods Manifest.lock */,
				A717693D2646E0E6003D1FEC /* Sources */,
				A717693E2646E0E6003D1FEC /* Frameworks */,
				A717693F2646E0E6003D1FEC /* Resources */,
				D5C5EDED76BF1D13F422E2C1 /* [CP] Embed Pods Frameworks */,
			);
			buildRules = (
			);
			dependencies = (
			);
			name = ToDoListRxSwift;
			productName = ToDoListRxSwift;
			productReference = A71769412646E0E6003D1FEC /* ToDoListRxSwift.app */;
			productType = "com.apple.product-type.application";
		};
/* End PBXNativeTarget section */

/* Begin PBXProject section */
		A71769392646E0E6003D1FEC /* Project object */ = {
			isa = PBXProject;
			attributes = {
				LastSwiftUpdateCheck = 1230;
				LastUpgradeCheck = 1230;
				TargetAttributes = {
					A71769402646E0E6003D1FEC = {
						CreatedOnToolsVersion = 12.3;
					};
				};
			};
			buildConfigurationList = A717693C2646E0E6003D1FEC /* Build configuration list for PBXProject "ToDoListRxSwift" */;
			compatibilityVersion = "Xcode 9.3";
			developmentRegion = en;
			hasScannedForEncodings = 0;
			knownRegions = (
				en,
				Base,
			);
			mainGroup = A71769382646E0E6003D1FEC;
			productRefGroup = A71769422646E0E6003D1FEC /* Products */;
			projectDirPath = "";
			projectRoot = "";
			targets = (
				A71769402646E0E6003D1FEC /* ToDoListRxSwift */,
			);
		};
/* End PBXProject section */

/* Begin PBXResourcesBuildPhase section */
		A717693F2646E0E6003D1FEC /* Resources */ = {
			isa = PBXResourcesBuildPhase;
			buildActionMask = 2147483647;
			files = (
				A71769512646E0E7003D1FEC /* LaunchScreen.storyboard in Resources */,
				A717694E2646E0E7003D1FEC /* Assets.xcassets in Resources */,
				A717694C2646E0E6003D1FEC /* Main.storyboard in Resources */,
			);
			runOnlyForDeploymentPostprocessing = 0;
		};
/* End PBXResourcesBuildPhase section */

/* Begin PBXShellScriptBuildPhase section */
		AE9FB53F9A941125A86980C0 /* [CP] Check Pods Manifest.lock */ = {
			isa = PBXShellScriptBuildPhase;
			buildActionMask = 2147483647;
			files = (
			);
			inputFileListPaths = (
			);
			inputPaths = (
				"${PODS_PODFILE_DIR_PATH}/Podfile.lock",
				"${PODS_ROOT}/Manifest.lock",
			);
			name = "[CP] Check Pods Manifest.lock";
			outputFileListPaths = (
			);
			outputPaths = (
				"$(DERIVED_FILE_DIR)/Pods-ToDoListRxSwift-checkManifestLockResult.txt",
			);
			runOnlyForDeploymentPostprocessing = 0;
			shellPath = /bin/sh;
			shellScript = "diff \"${PODS_PODFILE_DIR_PATH}/Podfile.lock\" \"${PODS_ROOT}/Manifest.lock\" > /dev/null\nif [ $? != 0 ] ; then\n    # print error to STDERR\n    echo \"error: The sandbox is not in sync with the Podfile.lock. Run 'pod install' or update your CocoaPods installation.\" >&2\n    exit 1\nfi\n# This output is used by Xcode 'outputs' to avoid re-running this script phase.\necho \"SUCCESS\" > \"${SCRIPT_OUTPUT_FILE_0}\"\n";
			showEnvVarsInLog = 0;
		};
		D5C5EDED76BF1D13F422E2C1 /* [CP] Embed Pods Frameworks */ = {
			isa = PBXShellScriptBuildPhase;
			buildActionMask = 2147483647;
			files = (
			);
			inputFileListPaths = (
				"${PODS_ROOT}/Target Support Files/Pods-ToDoListRxSwift/Pods-ToDoListRxSwift-frameworks-${CONFIGURATION}-input-files.xcfilelist",
			);
			name = "[CP] Embed Pods Frameworks";
			outputFileListPaths = (
				"${PODS_ROOT}/Target Support Files/Pods-ToDoListRxSwift/Pods-ToDoListRxSwift-frameworks-${CONFIGURATION}-output-files.xcfilelist",
			);
			runOnlyForDeploymentPostprocessing = 0;
			shellPath = /bin/sh;
			shellScript = "\"${PODS_ROOT}/Target Support Files/Pods-ToDoListRxSwift/Pods-ToDoListRxSwift-frameworks.sh\"\n";
			showEnvVarsInLog = 0;
		};
/* End PBXShellScriptBuildPhase section */

/* Begin PBXSourcesBuildPhase section */
		A717693D2646E0E6003D1FEC /* Sources */ = {
			isa = PBXSourcesBuildPhase;
			buildActionMask = 2147483647;
			files = (
				A71769652646E7CC003D1FEC /* TaskTableViewCell.swift in Sources */,
				A71769452646E0E6003D1FEC /* AppDelegate.swift in Sources */,
				A71769472646E0E6003D1FEC /* SceneDelegate.swift in Sources */,
				A71769612646E172003D1FEC /* TaskListViewController.swift in Sources */,
				A7523E05264713580087190D /* Task.swift in Sources */,
				A7523E01264712140087190D /* AddTaskViewController.swift in Sources */,
			);
			runOnlyForDeploymentPostprocessing = 0;
		};
/* End PBXSourcesBuildPhase section */

/* Begin PBXVariantGroup section */
		A717694A2646E0E6003D1FEC /* Main.storyboard */ = {
			isa = PBXVariantGroup;
			children = (
				A717694B2646E0E6003D1FEC /* Base */,
			);
			name = Main.storyboard;
			sourceTree = "<group>";
		};
		A717694F2646E0E7003D1FEC /* LaunchScreen.storyboard */ = {
			isa = PBXVariantGroup;
			children = (
				A71769502646E0E7003D1FEC /* Base */,
			);
			name = LaunchScreen.storyboard;
			sourceTree = "<group>";
		};
/* End PBXVariantGroup section */

/* Begin XCBuildConfiguration section */
		A71769532646E0E7003D1FEC /* Debug */ = {
			isa = XCBuildConfiguration;
			buildSettings = {
				ALWAYS_SEARCH_USER_PATHS = NO;
				CLANG_ANALYZER_NONNULL = YES;
				CLANG_ANALYZER_NUMBER_OBJECT_CONVERSION = YES_AGGRESSIVE;
				CLANG_CXX_LANGUAGE_STANDARD = "gnu++14";
				CLANG_CXX_LIBRARY = "libc++";
				CLANG_ENABLE_MODULES = YES;
				CLANG_ENABLE_OBJC_ARC = YES;
				CLANG_ENABLE_OBJC_WEAK = YES;
				CLANG_WARN_BLOCK_CAPTURE_AUTORELEASING = YES;
				CLANG_WARN_BOOL_CONVERSION = YES;
				CLANG_WARN_COMMA = YES;
				CLANG_WARN_CONSTANT_CONVERSION = YES;
				CLANG_WARN_DEPRECATED_OBJC_IMPLEMENTATIONS = YES;
				CLANG_WARN_DIRECT_OBJC_ISA_USAGE = YES_ERROR;
				CLANG_WARN_DOCUMENTATION_COMMENTS = YES;
				CLANG_WARN_EMPTY_BODY = YES;
				CLANG_WARN_ENUM_CONVERSION = YES;
				CLANG_WARN_INFINITE_RECURSION = YES;
				CLANG_WARN_INT_CONVERSION = YES;
				CLANG_WARN_NON_LITERAL_NULL_CONVERSION = YES;
				CLANG_WARN_OBJC_IMPLICIT_RETAIN_SELF = YES;
				CLANG_WARN_OBJC_LITERAL_CONVERSION = YES;
				CLANG_WARN_OBJC_ROOT_CLASS = YES_ERROR;
				CLANG_WARN_QUOTED_INCLUDE_IN_FRAMEWORK_HEADER = YES;
				CLANG_WARN_RANGE_LOOP_ANALYSIS = YES;
				CLANG_WARN_STRICT_PROTOTYPES = YES;
				CLANG_WARN_SUSPICIOUS_MOVE = YES;
				CLANG_WARN_UNGUARDED_AVAILABILITY = YES_AGGRESSIVE;
				CLANG_WARN_UNREACHABLE_CODE = YES;
				CLANG_WARN__DUPLICATE_METHOD_MATCH = YES;
				COPY_PHASE_STRIP = NO;
				DEBUG_INFORMATION_FORMAT = dwarf;
				ENABLE_STRICT_OBJC_MSGSEND = YES;
				ENABLE_TESTABILITY = YES;
				GCC_C_LANGUAGE_STANDARD = gnu11;
				GCC_DYNAMIC_NO_PIC = NO;
				GCC_NO_COMMON_BLOCKS = YES;
				GCC_OPTIMIZATION_LEVEL = 0;
				GCC_PREPROCESSOR_DEFINITIONS = (
					"DEBUG=1",
					"$(inherited)",
				);
				GCC_WARN_64_TO_32_BIT_CONVERSION = YES;
				GCC_WARN_ABOUT_RETURN_TYPE = YES_ERROR;
				GCC_WARN_UNDECLARED_SELECTOR = YES;
				GCC_WARN_UNINITIALIZED_AUTOS = YES_AGGRESSIVE;
				GCC_WARN_UNUSED_FUNCTION = YES;
				GCC_WARN_UNUSED_VARIABLE = YES;
				IPHONEOS_DEPLOYMENT_TARGET = 14.3;
				MTL_ENABLE_DEBUG_INFO = INCLUDE_SOURCE;
				MTL_FAST_MATH = YES;
				ONLY_ACTIVE_ARCH = YES;
				SDKROOT = iphoneos;
				SWIFT_ACTIVE_COMPILATION_CONDITIONS = DEBUG;
				SWIFT_OPTIMIZATION_LEVEL = "-Onone";
			};
			name = Debug;
		};
		A71769542646E0E7003D1FEC /* Release */ = {
			isa = XCBuildConfiguration;
			buildSettings = {
				ALWAYS_SEARCH_USER_PATHS = NO;
				CLANG_ANALYZER_NONNULL = YES;
				CLANG_ANALYZER_NUMBER_OBJECT_CONVERSION = YES_AGGRESSIVE;
				CLANG_CXX_LANGUAGE_STANDARD = "gnu++14";
				CLANG_CXX_LIBRARY = "libc++";
				CLANG_ENABLE_MODULES = YES;
				CLANG_ENABLE_OBJC_ARC = YES;
				CLANG_ENABLE_OBJC_WEAK = YES;
				CLANG_WARN_BLOCK_CAPTURE_AUTORELEASING = YES;
				CLANG_WARN_BOOL_CONVERSION = YES;
				CLANG_WARN_COMMA = YES;
				CLANG_WARN_CONSTANT_CONVERSION = YES;
				CLANG_WARN_DEPRECATED_OBJC_IMPLEMENTATIONS = YES;
				CLANG_WARN_DIRECT_OBJC_ISA_USAGE = YES_ERROR;
				CLANG_WARN_DOCUMENTATION_COMMENTS = YES;
				CLANG_WARN_EMPTY_BODY = YES;
				CLANG_WARN_ENUM_CONVERSION = YES;
				CLANG_WARN_INFINITE_RECURSION = YES;
				CLANG_WARN_INT_CONVERSION = YES;
				CLANG_WARN_NON_LITERAL_NULL_CONVERSION = YES;
				CLANG_WARN_OBJC_IMPLICIT_RETAIN_SELF = YES;
				CLANG_WARN_OBJC_LITERAL_CONVERSION = YES;
				CLANG_WARN_OBJC_ROOT_CLASS = YES_ERROR;
				CLANG_WARN_QUOTED_INCLUDE_IN_FRAMEWORK_HEADER = YES;
				CLANG_WARN_RANGE_LOOP_ANALYSIS = YES;
				CLANG_WARN_STRICT_PROTOTYPES = YES;
				CLANG_WARN_SUSPICIOUS_MOVE = YES;
				CLANG_WARN_UNGUARDED_AVAILABILITY = YES_AGGRESSIVE;
				CLANG_WARN_UNREACHABLE_CODE = YES;
				CLANG_WARN__DUPLICATE_METHOD_MATCH = YES;
				COPY_PHASE_STRIP = NO;
				DEBUG_INFORMATION_FORMAT = "dwarf-with-dsym";
				ENABLE_NS_ASSERTIONS = NO;
				ENABLE_STRICT_OBJC_MSGSEND = YES;
				GCC_C_LANGUAGE_STANDARD = gnu11;
				GCC_NO_COMMON_BLOCKS = YES;
				GCC_WARN_64_TO_32_BIT_CONVERSION = YES;
				GCC_WARN_ABOUT_RETURN_TYPE = YES_ERROR;
				GCC_WARN_UNDECLARED_SELECTOR = YES;
				GCC_WARN_UNINITIALIZED_AUTOS = YES_AGGRESSIVE;
				GCC_WARN_UNUSED_FUNCTION = YES;
				GCC_WARN_UNUSED_VARIABLE = YES;
				IPHONEOS_DEPLOYMENT_TARGET = 14.3;
				MTL_ENABLE_DEBUG_INFO = NO;
				MTL_FAST_MATH = YES;
				SDKROOT = iphoneos;
				SWIFT_COMPILATION_MODE = wholemodule;
				SWIFT_OPTIMIZATION_LEVEL = "-O";
				VALIDATE_PRODUCT = YES;
			};
			name = Release;
		};
		A71769562646E0E7003D1FEC /* Debug */ = {
			isa = XCBuildConfiguration;
			baseConfigurationReference = 8BF98D9698F5282B402E886C /* Pods-ToDoListRxSwift.debug.xcconfig */;
			buildSettings = {
				ASSETCATALOG_COMPILER_APPICON_NAME = AppIcon;
				ASSETCATALOG_COMPILER_GLOBAL_ACCENT_COLOR_NAME = AccentColor;
				CODE_SIGN_STYLE = Automatic;
				DEVELOPMENT_TEAM = GGA73G37Y2;
				INFOPLIST_FILE = ToDoListRxSwift/Info.plist;
				LD_RUNPATH_SEARCH_PATHS = (
					"$(inherited)",
					"@executable_path/Frameworks",
				);
				PRODUCT_BUNDLE_IDENTIFIER = co.ackdevelepment.ToDoListRxSwift;
				PRODUCT_NAME = "$(TARGET_NAME)";
				SWIFT_VERSION = 5.0;
				TARGETED_DEVICE_FAMILY = "1,2";
			};
			name = Debug;
		};
		A71769572646E0E7003D1FEC /* Release */ = {
			isa = XCBuildConfiguration;
			baseConfigurationReference = 98C908420C652FF3CB629B26 /* Pods-ToDoListRxSwift.release.xcconfig */;
			buildSettings = {
				ASSETCATALOG_COMPILER_APPICON_NAME = AppIcon;
				ASSETCATALOG_COMPILER_GLOBAL_ACCENT_COLOR_NAME = AccentColor;
				CODE_SIGN_STYLE = Automatic;
				DEVELOPMENT_TEAM = GGA73G37Y2;
				INFOPLIST_FILE = ToDoListRxSwift/Info.plist;
				LD_RUNPATH_SEARCH_PATHS = (
					"$(inherited)",
					"@executable_path/Frameworks",
				);
				PRODUCT_BUNDLE_IDENTIFIER = co.ackdevelepment.ToDoListRxSwift;
				PRODUCT_NAME = "$(TARGET_NAME)";
				SWIFT_VERSION = 5.0;
				TARGETED_DEVICE_FAMILY = "1,2";
			};
			name = Release;
		};
/* End XCBuildConfiguration section */

/* Begin XCConfigurationList section */
		A717693C2646E0E6003D1FEC /* Build configuration list for PBXProject "ToDoListRxSwift" */ = {
			isa = XCConfigurationList;
			buildConfigurations = (
				A71769532646E0E7003D1FEC /* Debug */,
				A71769542646E0E7003D1FEC /* Release */,
			);
			defaultConfigurationIsVisible = 0;
			defaultConfigurationName = Release;
		};
		A71769552646E0E7003D1FEC /* Build configuration list for PBXNativeTarget "ToDoListRxSwift" */ = {
			isa = XCConfigurationList;
			buildConfigurations = (
				A71769562646E0E7003D1FEC /* Debug */,
				A71769572646E0E7003D1FEC /* Release */,
			);
			defaultConfigurationIsVisible = 0;
			defaultConfigurationName = Release;
		};
/* End XCConfigurationList section */
	};
	rootObject = A71769392646E0E6003D1FEC /* Project object */;
}
